
Microsoft Visual Studio Solution File, Format Version 12.00
# Visual Studio Version 17
VisualStudioVersion = 17.3.32825.248
MinimumVisualStudioVersion = 10.0.40219.1
Project("{FAE04EC0-301F-11D3-BF4B-00C04F79EFBC}") = "SwitchCaseAssessment", "SwitchCaseAssessment\SwitchCaseAssessment.csproj", "{E02399AE-AC56-4AB7-ADCA-7A41EA4DEE6E}"
EndProject
Global
	GlobalSection(SolutionConfigurationPlatforms) = preSolution
		Debug|Any CPU = Debug|Any CPU
		Release|Any CPU = Release|Any CPU
	EndGlobalSection
	GlobalSection(ProjectConfigurationPlatforms) = postSolution
		{E02399AE-AC56-4AB7-ADCA-7A41EA4DEE6E}.Debug|Any CPU.ActiveCfg = Debug|Any CPU
		{E02399AE-AC56-4AB7-ADCA-7A41EA4DEE6E}.Debug|Any CPU.Build.0 = Debug|Any CPU
		{E02399AE-AC56-4AB7-ADCA-7A41EA4DEE6E}.Release|Any CPU.ActiveCfg = Release|Any CPU
		{E02399AE-AC56-4AB7-ADCA-7A41EA4DEE6E}.Release|Any CPU.Build.0 = Release|Any CPU
	EndGlobalSection
	GlobalSection(SolutionProperties) = preSolution
		HideSolutionNode = FALSE
	EndGlobalSection
	GlobalSection(ExtensibilityGlobals) = postSolution
		SolutionGuid = {D962F412-E2F4-4BC8-90FC-233943C606F3}
	EndGlobalSection
EndGlobal
